
Microsoft Visual Studio Solution File, Format Version 12.00
# Visual Studio Version 17
VisualStudioVersion = 17.6.33723.286
MinimumVisualStudioVersion = 10.0.40219.1
Project("{FAE04EC0-301F-11D3-BF4B-00C04F79EFBC}") = "MtconnectTranspiler.Sinks.ScribanTemplates", "MtconnectTranspiler.Sinks.ScribanTemplates\MtconnectTranspiler.Sinks.ScribanTemplates.csproj", "{D091AF8D-5BEF-4344-9619-B6432AD6BEC1}"
EndProject
Global
	GlobalSection(SolutionConfigurationPlatforms) = preSolution
		Debug|Any CPU = Debug|Any CPU
		Release|Any CPU = Release|Any CPU
	EndGlobalSection
	GlobalSection(ProjectConfigurationPlatforms) = postSolution
		{D091AF8D-5BEF-4344-9619-B6432AD6BEC1}.Debug|Any CPU.ActiveCfg = Debug|Any CPU
		{D091AF8D-5BEF-4344-9619-B6432AD6BEC1}.Debug|Any CPU.Build.0 = Debug|Any CPU
		{D091AF8D-5BEF-4344-9619-B6432AD6BEC1}.Release|Any CPU.ActiveCfg = Release|Any CPU
		{D091AF8D-5BEF-4344-9619-B6432AD6BEC1}.Release|Any CPU.Build.0 = Release|Any CPU
	EndGlobalSection
	GlobalSection(SolutionProperties) = preSolution
		HideSolutionNode = FALSE
	EndGlobalSection
	GlobalSection(ExtensibilityGlobals) = postSolution
		SolutionGuid = {59742F1E-4F29-4D7A-94C8-07F2F5E1EC14}
	EndGlobalSection
EndGlobal
